
Microsoft Visual Studio Solution File, Format Version 12.00
# Visual Studio 15
VisualStudioVersion = 15.0.28307.421
MinimumVisualStudioVersion = 10.0.40219.1
Project("{00D1A9C2-B5F0-4AF3-8072-F6C62B433612}") = "MyDB", "MyDB\MyDB.sqlproj", "{8C0D73BE-4B80-47F7-89FC-7ADA31C124CC}"
EndProject
Global
	GlobalSection(SolutionConfigurationPlatforms) = preSolution
		Debug|Any CPU = Debug|Any CPU
		Release|Any CPU = Release|Any CPU
	EndGlobalSection
	GlobalSection(ProjectConfigurationPlatforms) = postSolution
		{8C0D73BE-4B80-47F7-89FC-7ADA31C124CC}.Debug|Any CPU.ActiveCfg = Debug|Any CPU
		{8C0D73BE-4B80-47F7-89FC-7ADA31C124CC}.Debug|Any CPU.Build.0 = Debug|Any CPU
		{8C0D73BE-4B80-47F7-89FC-7ADA31C124CC}.Debug|Any CPU.Deploy.0 = Debug|Any CPU
		{8C0D73BE-4B80-47F7-89FC-7ADA31C124CC}.Release|Any CPU.ActiveCfg = Release|Any CPU
		{8C0D73BE-4B80-47F7-89FC-7ADA31C124CC}.Release|Any CPU.Build.0 = Release|Any CPU
		{8C0D73BE-4B80-47F7-89FC-7ADA31C124CC}.Release|Any CPU.Deploy.0 = Release|Any CPU
	EndGlobalSection
	GlobalSection(SolutionProperties) = preSolution
		HideSolutionNode = FALSE
	EndGlobalSection
	GlobalSection(ExtensibilityGlobals) = postSolution
		SolutionGuid = {C75C5FE7-972C-4740-AA15-490103B70BA0}
	EndGlobalSection
EndGlobal
